// !$*UTF8*$!
{
	archiveVersion = 1;
	classes = {
	};
	objectVersion = 50;
	objects = {

/* Begin PBXBuildFile section */
		FA41647E26A5DE6200D333C7 /* SettingsCreator.swift in Sources */ = {isa = PBXBuildFile; fileRef = FA41647D26A5DE6200D333C7 /* SettingsCreator.swift */; };
		FA41648026A5E2EE00D333C7 /* SettingsViewModel.swift in Sources */ = {isa = PBXBuildFile; fileRef = FA41647F26A5E2EE00D333C7 /* SettingsViewModel.swift */; };
		FA41648226A5E33600D333C7 /* SettingsController.swift in Sources */ = {isa = PBXBuildFile; fileRef = FA41648126A5E33600D333C7 /* SettingsController.swift */; };
		FA5967A9269CA873005A7BCC /* Location.swift in Sources */ = {isa = PBXBuildFile; fileRef = FA5967A8269CA873005A7BCC /* Location.swift */; };
		FA5967AB269EC527005A7BCC /* Coordinates.swift in Sources */ = {isa = PBXBuildFile; fileRef = FA5967AA269EC527005A7BCC /* Coordinates.swift */; };
		FA5967AD269F0019005A7BCC /* WeatherNetworkFake.swift in Sources */ = {isa = PBXBuildFile; fileRef = FA5967AC269F0018005A7BCC /* WeatherNetworkFake.swift */; };
		FA5D88FF26A93DEE00823F38 /* SettingsCellManager.swift in Sources */ = {isa = PBXBuildFile; fileRef = FA5D88FE26A93DEE00823F38 /* SettingsCellManager.swift */; };
		FA70CE84269C331D00C21EA2 /* UIView+Activate+LayoutAnchor.swift in Sources */ = {isa = PBXBuildFile; fileRef = FA70CE83269C331D00C21EA2 /* UIView+Activate+LayoutAnchor.swift */; };
		FA70CE87269C3A6900C21EA2 /* SavedLocationRepository.swift in Sources */ = {isa = PBXBuildFile; fileRef = FA70CE86269C3A6900C21EA2 /* SavedLocationRepository.swift */; };
		FAC28BCF26A9AC6800219E45 /* SettingsSection.swift in Sources */ = {isa = PBXBuildFile; fileRef = FAC28BCE26A9AC6800219E45 /* SettingsSection.swift */; };
		FAC28BD126AB00EE00219E45 /* SettingsTableViewCell.swift in Sources */ = {isa = PBXBuildFile; fileRef = FAC28BD026AB00EE00219E45 /* SettingsTableViewCell.swift */; };
		FAC28BD426AC119B00219E45 /* PrivacyCreator.swift in Sources */ = {isa = PBXBuildFile; fileRef = FAC28BD326AC119B00219E45 /* PrivacyCreator.swift */; };
		FAC28BD626AC11F200219E45 /* PrivacyController.swift in Sources */ = {isa = PBXBuildFile; fileRef = FAC28BD526AC11F200219E45 /* PrivacyController.swift */; };
		FAC28BD826AC124F00219E45 /* PrivacyViewModel.swift in Sources */ = {isa = PBXBuildFile; fileRef = FAC28BD726AC124F00219E45 /* PrivacyViewModel.swift */; };
		FAC28BDA26AC148D00219E45 /* privacyandterms.rtf in Resources */ = {isa = PBXBuildFile; fileRef = FAC28BD926AC148D00219E45 /* privacyandterms.rtf */; };
		FAC28BDD26AC6B6900219E45 /* LocationForecastCreator.swift in Sources */ = {isa = PBXBuildFile; fileRef = FAC28BDC26AC6B6900219E45 /* LocationForecastCreator.swift */; };
		FAC28BDF26AC6BC800219E45 /* LocationForecastController.swift in Sources */ = {isa = PBXBuildFile; fileRef = FAC28BDE26AC6BC800219E45 /* LocationForecastController.swift */; };
		FAC28BE126AC762500219E45 /* LocationForecastCellManager.swift in Sources */ = {isa = PBXBuildFile; fileRef = FAC28BE026AC762500219E45 /* LocationForecastCellManager.swift */; };
		FAC28BE426AD425E00219E45 /* LocationForecastCellManagerItems.swift in Sources */ = {isa = PBXBuildFile; fileRef = FAC28BE326AD425E00219E45 /* LocationForecastCellManagerItems.swift */; };
		FAC28BE626AD476E00219E45 /* LocationForecastTableViewCell.swift in Sources */ = {isa = PBXBuildFile; fileRef = FAC28BE526AD476E00219E45 /* LocationForecastTableViewCell.swift */; };
		FAC28BE926AD48BD00219E45 /* LocationDailyForecastListDisplayable.swift in Sources */ = {isa = PBXBuildFile; fileRef = FAC28BE826AD48BD00219E45 /* LocationDailyForecastListDisplayable.swift */; };
		FAC28BEB26AD496600219E45 /* DateFormatterHelper.swift in Sources */ = {isa = PBXBuildFile; fileRef = FAC28BEA26AD496600219E45 /* DateFormatterHelper.swift */; };
		FAC28BED26AD4A0900219E45 /* LocationDailyForecast.swift in Sources */ = {isa = PBXBuildFile; fileRef = FAC28BEC26AD4A0900219E45 /* LocationDailyForecast.swift */; };
		FAC28BEF26AD4A7C00219E45 /* LocationHourlyForecast.swift in Sources */ = {isa = PBXBuildFile; fileRef = FAC28BEE26AD4A7C00219E45 /* LocationHourlyForecast.swift */; };
		FAC28BF126AD4B1400219E45 /* LocationForecast.swift in Sources */ = {isa = PBXBuildFile; fileRef = FAC28BF026AD4B1400219E45 /* LocationForecast.swift */; };
		FAC28BF326AD4B5800219E45 /* LocationHourlyForecastListDisplayable.swift in Sources */ = {isa = PBXBuildFile; fileRef = FAC28BF226AD4B5800219E45 /* LocationHourlyForecastListDisplayable.swift */; };
		FAC28BF526AD5A5400219E45 /* LocationForecastDisplayable.swift in Sources */ = {isa = PBXBuildFile; fileRef = FAC28BF426AD5A5400219E45 /* LocationForecastDisplayable.swift */; };
		FAC28BF726AD618E00219E45 /* LocationForecastViewModel.swift in Sources */ = {isa = PBXBuildFile; fileRef = FAC28BF626AD618E00219E45 /* LocationForecastViewModel.swift */; };
		FAC28BF926AD781800219E45 /* LocationForecastsDisplayable.swift in Sources */ = {isa = PBXBuildFile; fileRef = FAC28BF826AD781800219E45 /* LocationForecastsDisplayable.swift */; };
		FAC28BFC26AE9CAD00219E45 /* LocationSearchCreator.swift in Sources */ = {isa = PBXBuildFile; fileRef = FAC28BFB26AE9CAD00219E45 /* LocationSearchCreator.swift */; };
		FAC28BFE26AE9CC700219E45 /* LocationSearchController.swift in Sources */ = {isa = PBXBuildFile; fileRef = FAC28BFD26AE9CC700219E45 /* LocationSearchController.swift */; };
		FAC28C0026AE9D7C00219E45 /* LocationSearchViewModel.swift in Sources */ = {isa = PBXBuildFile; fileRef = FAC28BFF26AE9D7C00219E45 /* LocationSearchViewModel.swift */; };
		FAC28C0226AE9DA000219E45 /* LocationSearchCellManager.swift in Sources */ = {isa = PBXBuildFile; fileRef = FAC28C0126AE9DA000219E45 /* LocationSearchCellManager.swift */; };
		FAED1BF726B927BA00073C9A /* LocationSearchResultsController.swift in Sources */ = {isa = PBXBuildFile; fileRef = FAED1BF626B927BA00073C9A /* LocationSearchResultsController.swift */; };
		FAF804AD269AD17A00DFBA94 /* AppDelegate.swift in Sources */ = {isa = PBXBuildFile; fileRef = FAF804AC269AD17A00DFBA94 /* AppDelegate.swift */; };
		FAF804AF269AD17A00DFBA94 /* SceneDelegate.swift in Sources */ = {isa = PBXBuildFile; fileRef = FAF804AE269AD17A00DFBA94 /* SceneDelegate.swift */; };
		FAF804B6269AD17B00DFBA94 /* Assets.xcassets in Resources */ = {isa = PBXBuildFile; fileRef = FAF804B5269AD17B00DFBA94 /* Assets.xcassets */; };
		FAF804B9269AD17B00DFBA94 /* LaunchScreen.storyboard in Resources */ = {isa = PBXBuildFile; fileRef = FAF804B7269AD17B00DFBA94 /* LaunchScreen.storyboard */; };
		FAF804C4269AD59C00DFBA94 /* LocationListCreator.swift in Sources */ = {isa = PBXBuildFile; fileRef = FAF804C3269AD59C00DFBA94 /* LocationListCreator.swift */; };
		FAF804C6269AD7A700DFBA94 /* LocationListViewModel.swift in Sources */ = {isa = PBXBuildFile; fileRef = FAF804C5269AD7A700DFBA94 /* LocationListViewModel.swift */; };
		FAF804C9269ADBBA00DFBA94 /* BaseViewController.swift in Sources */ = {isa = PBXBuildFile; fileRef = FAF804C8269ADBBA00DFBA94 /* BaseViewController.swift */; };
		FAF804CB269ADC1F00DFBA94 /* LocationListController.swift in Sources */ = {isa = PBXBuildFile; fileRef = FAF804CA269ADC1F00DFBA94 /* LocationListController.swift */; };
		FAF804CD269AE6C900DFBA94 /* LocationListCellManager.swift in Sources */ = {isa = PBXBuildFile; fileRef = FAF804CC269AE6C900DFBA94 /* LocationListCellManager.swift */; };
		FAF804D0269AE89700DFBA94 /* LocationListTableViewCell.swift in Sources */ = {isa = PBXBuildFile; fileRef = FAF804CF269AE89700DFBA94 /* LocationListTableViewCell.swift */; };
		FAF804D2269AE95100DFBA94 /* LocationWeatherDisplayable.swift in Sources */ = {isa = PBXBuildFile; fileRef = FAF804D1269AE95100DFBA94 /* LocationWeatherDisplayable.swift */; };
		FAF804D5269AEA9200DFBA94 /* LocationWeather.swift in Sources */ = {isa = PBXBuildFile; fileRef = FAF804D4269AEA9200DFBA94 /* LocationWeather.swift */; };
		FAF804D8269AEC5900DFBA94 /* APIClient.swift in Sources */ = {isa = PBXBuildFile; fileRef = FAF804D7269AEC5900DFBA94 /* APIClient.swift */; };
		FAF804DA269AECE400DFBA94 /* APIURL.swift in Sources */ = {isa = PBXBuildFile; fileRef = FAF804D9269AECE400DFBA94 /* APIURL.swift */; };
		FAF804DC269AED7900DFBA94 /* BaseNetwork.swift in Sources */ = {isa = PBXBuildFile; fileRef = FAF804DB269AED7900DFBA94 /* BaseNetwork.swift */; };
		FAF804DE269AEDE700DFBA94 /* Request.swift in Sources */ = {isa = PBXBuildFile; fileRef = FAF804DD269AEDE700DFBA94 /* Request.swift */; };
		FAF804E0269B0B8100DFBA94 /* WeatherNetwork.swift in Sources */ = {isa = PBXBuildFile; fileRef = FAF804DF269B0B8100DFBA94 /* WeatherNetwork.swift */; };
		FAF804E3269B102D00DFBA94 /* OpenWeatherMapAPIResponse.swift in Sources */ = {isa = PBXBuildFile; fileRef = FAF804E2269B102D00DFBA94 /* OpenWeatherMapAPIResponse.swift */; };
		FAF804E5269B126800DFBA94 /* WeatherSymbol.swift in Sources */ = {isa = PBXBuildFile; fileRef = FAF804E4269B126800DFBA94 /* WeatherSymbol.swift */; };
		FAF804E8269B13EC00DFBA94 /* Double+StringConverters.swift in Sources */ = {isa = PBXBuildFile; fileRef = FAF804E7269B13EC00DFBA94 /* Double+StringConverters.swift */; };
		FAF804EA269B14EE00DFBA94 /* Error+UserFriendlyMessage.swift in Sources */ = {isa = PBXBuildFile; fileRef = FAF804E9269B14EE00DFBA94 /* Error+UserFriendlyMessage.swift */; };
		FAF804EC269B1D4700DFBA94 /* UITableView+Register+Dequeue.swift in Sources */ = {isa = PBXBuildFile; fileRef = FAF804EB269B1D4700DFBA94 /* UITableView+Register+Dequeue.swift */; };
		FAF804EE269B281900DFBA94 /* NSObject+ClassName.swift in Sources */ = {isa = PBXBuildFile; fileRef = FAF804ED269B281900DFBA94 /* NSObject+ClassName.swift */; };
		FAF804F0269B30FD00DFBA94 /* SerializeHelper.swift in Sources */ = {isa = PBXBuildFile; fileRef = FAF804EF269B30FD00DFBA94 /* SerializeHelper.swift */; };
		FAF804F2269B321500DFBA94 /* Empty.swift in Sources */ = {isa = PBXBuildFile; fileRef = FAF804F1269B321500DFBA94 /* Empty.swift */; };
/* End PBXBuildFile section */

/* Begin PBXFileReference section */
		FA41647D26A5DE6200D333C7 /* SettingsCreator.swift */ = {isa = PBXFileReference; lastKnownFileType = sourcecode.swift; path = SettingsCreator.swift; sourceTree = "<group>"; };
		FA41647F26A5E2EE00D333C7 /* SettingsViewModel.swift */ = {isa = PBXFileReference; lastKnownFileType = sourcecode.swift; path = SettingsViewModel.swift; sourceTree = "<group>"; };
		FA41648126A5E33600D333C7 /* SettingsController.swift */ = {isa = PBXFileReference; lastKnownFileType = sourcecode.swift; path = SettingsController.swift; sourceTree = "<group>"; };
		FA5967A8269CA873005A7BCC /* Location.swift */ = {isa = PBXFileReference; lastKnownFileType = sourcecode.swift; path = Location.swift; sourceTree = "<group>"; };
		FA5967AA269EC527005A7BCC /* Coordinates.swift */ = {isa = PBXFileReference; lastKnownFileType = sourcecode.swift; path = Coordinates.swift; sourceTree = "<group>"; };
		FA5967AC269F0018005A7BCC /* WeatherNetworkFake.swift */ = {isa = PBXFileReference; lastKnownFileType = sourcecode.swift; path = WeatherNetworkFake.swift; sourceTree = "<group>"; };
		FA5D88FE26A93DEE00823F38 /* SettingsCellManager.swift */ = {isa = PBXFileReference; lastKnownFileType = sourcecode.swift; path = SettingsCellManager.swift; sourceTree = "<group>"; };
		FA70CE83269C331D00C21EA2 /* UIView+Activate+LayoutAnchor.swift */ = {isa = PBXFileReference; lastKnownFileType = sourcecode.swift; path = "UIView+Activate+LayoutAnchor.swift"; sourceTree = "<group>"; };
		FA70CE86269C3A6900C21EA2 /* SavedLocationRepository.swift */ = {isa = PBXFileReference; lastKnownFileType = sourcecode.swift; path = SavedLocationRepository.swift; sourceTree = "<group>"; };
		FAC28BCE26A9AC6800219E45 /* SettingsSection.swift */ = {isa = PBXFileReference; lastKnownFileType = sourcecode.swift; path = SettingsSection.swift; sourceTree = "<group>"; };
		FAC28BD026AB00EE00219E45 /* SettingsTableViewCell.swift */ = {isa = PBXFileReference; lastKnownFileType = sourcecode.swift; path = SettingsTableViewCell.swift; sourceTree = "<group>"; };
		FAC28BD326AC119B00219E45 /* PrivacyCreator.swift */ = {isa = PBXFileReference; lastKnownFileType = sourcecode.swift; path = PrivacyCreator.swift; sourceTree = "<group>"; };
		FAC28BD526AC11F200219E45 /* PrivacyController.swift */ = {isa = PBXFileReference; lastKnownFileType = sourcecode.swift; path = PrivacyController.swift; sourceTree = "<group>"; };
		FAC28BD726AC124F00219E45 /* PrivacyViewModel.swift */ = {isa = PBXFileReference; lastKnownFileType = sourcecode.swift; path = PrivacyViewModel.swift; sourceTree = "<group>"; };
		FAC28BD926AC148D00219E45 /* privacyandterms.rtf */ = {isa = PBXFileReference; fileEncoding = 4; lastKnownFileType = text.rtf; path = privacyandterms.rtf; sourceTree = "<group>"; };
		FAC28BDC26AC6B6900219E45 /* LocationForecastCreator.swift */ = {isa = PBXFileReference; lastKnownFileType = sourcecode.swift; path = LocationForecastCreator.swift; sourceTree = "<group>"; };
		FAC28BDE26AC6BC800219E45 /* LocationForecastController.swift */ = {isa = PBXFileReference; lastKnownFileType = sourcecode.swift; path = LocationForecastController.swift; sourceTree = "<group>"; };
		FAC28BE026AC762500219E45 /* LocationForecastCellManager.swift */ = {isa = PBXFileReference; lastKnownFileType = sourcecode.swift; path = LocationForecastCellManager.swift; sourceTree = "<group>"; };
		FAC28BE326AD425E00219E45 /* LocationForecastCellManagerItems.swift */ = {isa = PBXFileReference; lastKnownFileType = sourcecode.swift; path = LocationForecastCellManagerItems.swift; sourceTree = "<group>"; };
		FAC28BE526AD476E00219E45 /* LocationForecastTableViewCell.swift */ = {isa = PBXFileReference; lastKnownFileType = sourcecode.swift; path = LocationForecastTableViewCell.swift; sourceTree = "<group>"; };
		FAC28BE826AD48BD00219E45 /* LocationDailyForecastListDisplayable.swift */ = {isa = PBXFileReference; lastKnownFileType = sourcecode.swift; path = LocationDailyForecastListDisplayable.swift; sourceTree = "<group>"; };
		FAC28BEA26AD496600219E45 /* DateFormatterHelper.swift */ = {isa = PBXFileReference; lastKnownFileType = sourcecode.swift; path = DateFormatterHelper.swift; sourceTree = "<group>"; };
		FAC28BEC26AD4A0900219E45 /* LocationDailyForecast.swift */ = {isa = PBXFileReference; lastKnownFileType = sourcecode.swift; path = LocationDailyForecast.swift; sourceTree = "<group>"; };
		FAC28BEE26AD4A7C00219E45 /* LocationHourlyForecast.swift */ = {isa = PBXFileReference; lastKnownFileType = sourcecode.swift; path = LocationHourlyForecast.swift; sourceTree = "<group>"; };
		FAC28BF026AD4B1400219E45 /* LocationForecast.swift */ = {isa = PBXFileReference; lastKnownFileType = sourcecode.swift; path = LocationForecast.swift; sourceTree = "<group>"; };
		FAC28BF226AD4B5800219E45 /* LocationHourlyForecastListDisplayable.swift */ = {isa = PBXFileReference; lastKnownFileType = sourcecode.swift; path = LocationHourlyForecastListDisplayable.swift; sourceTree = "<group>"; };
		FAC28BF426AD5A5400219E45 /* LocationForecastDisplayable.swift */ = {isa = PBXFileReference; lastKnownFileType = sourcecode.swift; path = LocationForecastDisplayable.swift; sourceTree = "<group>"; };
		FAC28BF626AD618E00219E45 /* LocationForecastViewModel.swift */ = {isa = PBXFileReference; lastKnownFileType = sourcecode.swift; path = LocationForecastViewModel.swift; sourceTree = "<group>"; };
		FAC28BF826AD781800219E45 /* LocationForecastsDisplayable.swift */ = {isa = PBXFileReference; lastKnownFileType = sourcecode.swift; path = LocationForecastsDisplayable.swift; sourceTree = "<group>"; };
		FAC28BFB26AE9CAD00219E45 /* LocationSearchCreator.swift */ = {isa = PBXFileReference; lastKnownFileType = sourcecode.swift; path = LocationSearchCreator.swift; sourceTree = "<group>"; };
		FAC28BFD26AE9CC700219E45 /* LocationSearchController.swift */ = {isa = PBXFileReference; lastKnownFileType = sourcecode.swift; path = LocationSearchController.swift; sourceTree = "<group>"; };
		FAC28BFF26AE9D7C00219E45 /* LocationSearchViewModel.swift */ = {isa = PBXFileReference; lastKnownFileType = sourcecode.swift; path = LocationSearchViewModel.swift; sourceTree = "<group>"; };
		FAC28C0126AE9DA000219E45 /* LocationSearchCellManager.swift */ = {isa = PBXFileReference; lastKnownFileType = sourcecode.swift; path = LocationSearchCellManager.swift; sourceTree = "<group>"; };
		FAED1BF626B927BA00073C9A /* LocationSearchResultsController.swift */ = {isa = PBXFileReference; lastKnownFileType = sourcecode.swift; path = LocationSearchResultsController.swift; sourceTree = "<group>"; };
		FAF804A9269AD17A00DFBA94 /* ForecastLine.app */ = {isa = PBXFileReference; explicitFileType = wrapper.application; includeInIndex = 0; path = ForecastLine.app; sourceTree = BUILT_PRODUCTS_DIR; };
		FAF804AC269AD17A00DFBA94 /* AppDelegate.swift */ = {isa = PBXFileReference; lastKnownFileType = sourcecode.swift; path = AppDelegate.swift; sourceTree = "<group>"; };
		FAF804AE269AD17A00DFBA94 /* SceneDelegate.swift */ = {isa = PBXFileReference; lastKnownFileType = sourcecode.swift; path = SceneDelegate.swift; sourceTree = "<group>"; };
		FAF804B5269AD17B00DFBA94 /* Assets.xcassets */ = {isa = PBXFileReference; lastKnownFileType = folder.assetcatalog; path = Assets.xcassets; sourceTree = "<group>"; };
		FAF804B8269AD17B00DFBA94 /* Base */ = {isa = PBXFileReference; lastKnownFileType = file.storyboard; name = Base; path = Base.lproj/LaunchScreen.storyboard; sourceTree = "<group>"; };
		FAF804BA269AD17B00DFBA94 /* Info.plist */ = {isa = PBXFileReference; lastKnownFileType = text.plist.xml; path = Info.plist; sourceTree = "<group>"; };
		FAF804C3269AD59C00DFBA94 /* LocationListCreator.swift */ = {isa = PBXFileReference; lastKnownFileType = sourcecode.swift; path = LocationListCreator.swift; sourceTree = "<group>"; };
		FAF804C5269AD7A700DFBA94 /* LocationListViewModel.swift */ = {isa = PBXFileReference; lastKnownFileType = sourcecode.swift; path = LocationListViewModel.swift; sourceTree = "<group>"; };
		FAF804C8269ADBBA00DFBA94 /* BaseViewController.swift */ = {isa = PBXFileReference; lastKnownFileType = sourcecode.swift; path = BaseViewController.swift; sourceTree = "<group>"; };
		FAF804CA269ADC1F00DFBA94 /* LocationListController.swift */ = {isa = PBXFileReference; lastKnownFileType = sourcecode.swift; path = LocationListController.swift; sourceTree = "<group>"; };
		FAF804CC269AE6C900DFBA94 /* LocationListCellManager.swift */ = {isa = PBXFileReference; lastKnownFileType = sourcecode.swift; path = LocationListCellManager.swift; sourceTree = "<group>"; };
		FAF804CF269AE89700DFBA94 /* LocationListTableViewCell.swift */ = {isa = PBXFileReference; lastKnownFileType = sourcecode.swift; path = LocationListTableViewCell.swift; sourceTree = "<group>"; };
		FAF804D1269AE95100DFBA94 /* LocationWeatherDisplayable.swift */ = {isa = PBXFileReference; lastKnownFileType = sourcecode.swift; path = LocationWeatherDisplayable.swift; sourceTree = "<group>"; };
		FAF804D4269AEA9200DFBA94 /* LocationWeather.swift */ = {isa = PBXFileReference; lastKnownFileType = sourcecode.swift; path = LocationWeather.swift; sourceTree = "<group>"; };
		FAF804D7269AEC5900DFBA94 /* APIClient.swift */ = {isa = PBXFileReference; lastKnownFileType = sourcecode.swift; path = APIClient.swift; sourceTree = "<group>"; };
		FAF804D9269AECE400DFBA94 /* APIURL.swift */ = {isa = PBXFileReference; lastKnownFileType = sourcecode.swift; path = APIURL.swift; sourceTree = "<group>"; };
		FAF804DB269AED7900DFBA94 /* BaseNetwork.swift */ = {isa = PBXFileReference; lastKnownFileType = sourcecode.swift; path = BaseNetwork.swift; sourceTree = "<group>"; };
		FAF804DD269AEDE700DFBA94 /* Request.swift */ = {isa = PBXFileReference; lastKnownFileType = sourcecode.swift; path = Request.swift; sourceTree = "<group>"; };
		FAF804DF269B0B8100DFBA94 /* WeatherNetwork.swift */ = {isa = PBXFileReference; lastKnownFileType = sourcecode.swift; path = WeatherNetwork.swift; sourceTree = "<group>"; };
		FAF804E2269B102D00DFBA94 /* OpenWeatherMapAPIResponse.swift */ = {isa = PBXFileReference; lastKnownFileType = sourcecode.swift; path = OpenWeatherMapAPIResponse.swift; sourceTree = "<group>"; };
		FAF804E4269B126800DFBA94 /* WeatherSymbol.swift */ = {isa = PBXFileReference; lastKnownFileType = sourcecode.swift; path = WeatherSymbol.swift; sourceTree = "<group>"; };
		FAF804E7269B13EC00DFBA94 /* Double+StringConverters.swift */ = {isa = PBXFileReference; lastKnownFileType = sourcecode.swift; path = "Double+StringConverters.swift"; sourceTree = "<group>"; };
		FAF804E9269B14EE00DFBA94 /* Error+UserFriendlyMessage.swift */ = {isa = PBXFileReference; lastKnownFileType = sourcecode.swift; path = "Error+UserFriendlyMessage.swift"; sourceTree = "<group>"; };
		FAF804EB269B1D4700DFBA94 /* UITableView+Register+Dequeue.swift */ = {isa = PBXFileReference; lastKnownFileType = sourcecode.swift; path = "UITableView+Register+Dequeue.swift"; sourceTree = "<group>"; };
		FAF804ED269B281900DFBA94 /* NSObject+ClassName.swift */ = {isa = PBXFileReference; lastKnownFileType = sourcecode.swift; path = "NSObject+ClassName.swift"; sourceTree = "<group>"; };
		FAF804EF269B30FD00DFBA94 /* SerializeHelper.swift */ = {isa = PBXFileReference; lastKnownFileType = sourcecode.swift; path = SerializeHelper.swift; sourceTree = "<group>"; };
		FAF804F1269B321500DFBA94 /* Empty.swift */ = {isa = PBXFileReference; lastKnownFileType = sourcecode.swift; path = Empty.swift; sourceTree = "<group>"; };
/* End PBXFileReference section */

/* Begin PBXFrameworksBuildPhase section */
		FAF804A6269AD17A00DFBA94 /* Frameworks */ = {
			isa = PBXFrameworksBuildPhase;
			buildActionMask = 2147483647;
			files = (
			);
			runOnlyForDeploymentPostprocessing = 0;
		};
/* End PBXFrameworksBuildPhase section */

/* Begin PBXGroup section */
		FA70CE85269C3A4300C21EA2 /* Data */ = {
			isa = PBXGroup;
			children = (
				FA70CE86269C3A6900C21EA2 /* SavedLocationRepository.swift */,
			);
			path = Data;
			sourceTree = "<group>";
		};
		FA7508C326A5D4B0008FA4DD /* Settings */ = {
			isa = PBXGroup;
			children = (
				FAC28BD226AC118E00219E45 /* Privacy */,
				FA41647D26A5DE6200D333C7 /* SettingsCreator.swift */,
				FA41647F26A5E2EE00D333C7 /* SettingsViewModel.swift */,
				FA41648126A5E33600D333C7 /* SettingsController.swift */,
				FA5D88FE26A93DEE00823F38 /* SettingsCellManager.swift */,
				FAC28BD026AB00EE00219E45 /* SettingsTableViewCell.swift */,
			);
			path = Settings;
			sourceTree = "<group>";
		};
		FAC28BD226AC118E00219E45 /* Privacy */ = {
			isa = PBXGroup;
			children = (
				FAC28BD326AC119B00219E45 /* PrivacyCreator.swift */,
				FAC28BD526AC11F200219E45 /* PrivacyController.swift */,
				FAC28BD726AC124F00219E45 /* PrivacyViewModel.swift */,
			);
			path = Privacy;
			sourceTree = "<group>";
		};
		FAC28BDB26AC6B3100219E45 /* LocationForecast */ = {
			isa = PBXGroup;
			children = (
				FAC28BE726AD489B00219E45 /* Displayable */,
				FAC28BE226AD421B00219E45 /* LocationForecastTableViewCell */,
				FAC28BDC26AC6B6900219E45 /* LocationForecastCreator.swift */,
				FAC28BF626AD618E00219E45 /* LocationForecastViewModel.swift */,
				FAC28BDE26AC6BC800219E45 /* LocationForecastController.swift */,
			);
			path = LocationForecast;
			sourceTree = "<group>";
		};
		FAC28BE226AD421B00219E45 /* LocationForecastTableViewCell */ = {
			isa = PBXGroup;
			children = (
				FAC28BE026AC762500219E45 /* LocationForecastCellManager.swift */,
				FAC28BE326AD425E00219E45 /* LocationForecastCellManagerItems.swift */,
				FAC28BE526AD476E00219E45 /* LocationForecastTableViewCell.swift */,
			);
			path = LocationForecastTableViewCell;
			sourceTree = "<group>";
		};
		FAC28BE726AD489B00219E45 /* Displayable */ = {
			isa = PBXGroup;
			children = (
				FAC28BE826AD48BD00219E45 /* LocationDailyForecastListDisplayable.swift */,
				FAC28BF226AD4B5800219E45 /* LocationHourlyForecastListDisplayable.swift */,
				FAC28BF426AD5A5400219E45 /* LocationForecastDisplayable.swift */,
				FAC28BF826AD781800219E45 /* LocationForecastsDisplayable.swift */,
			);
			path = Displayable;
			sourceTree = "<group>";
		};
		FAC28BFA26AE9C8400219E45 /* LocationSearch */ = {
			isa = PBXGroup;
			children = (
				FAC28BFB26AE9CAD00219E45 /* LocationSearchCreator.swift */,
				FAC28BFD26AE9CC700219E45 /* LocationSearchController.swift */,
				FAC28BFF26AE9D7C00219E45 /* LocationSearchViewModel.swift */,
				FAC28C0126AE9DA000219E45 /* LocationSearchCellManager.swift */,
				FAED1BF626B927BA00073C9A /* LocationSearchResultsController.swift */,
			);
			path = LocationSearch;
			sourceTree = "<group>";
		};
		FAF804A0269AD17A00DFBA94 = {
			isa = PBXGroup;
			children = (
				FAF804AB269AD17A00DFBA94 /* ForecastLine */,
				FAF804AA269AD17A00DFBA94 /* Products */,
			);
			sourceTree = "<group>";
		};
		FAF804AA269AD17A00DFBA94 /* Products */ = {
			isa = PBXGroup;
			children = (
				FAF804A9269AD17A00DFBA94 /* ForecastLine.app */,
			);
			name = Products;
			sourceTree = "<group>";
		};
		FAF804AB269AD17A00DFBA94 /* ForecastLine */ = {
			isa = PBXGroup;
			children = (
				FA70CE85269C3A4300C21EA2 /* Data */,
				FAF804E6269B13C600DFBA94 /* Extensions */,
				FAF804D6269AEC4100DFBA94 /* Network */,
				FAF804D3269AEA8400DFBA94 /* Models */,
				FAF804C7269ADB8800DFBA94 /* Helpers */,
				FAF804C1269AD56A00DFBA94 /* Scenes */,
				FAF804C0269AD1FD00DFBA94 /* Support */,
			);
			path = ForecastLine;
			sourceTree = "<group>";
		};
		FAF804C0269AD1FD00DFBA94 /* Support */ = {
			isa = PBXGroup;
			children = (
				FAF804AC269AD17A00DFBA94 /* AppDelegate.swift */,
				FAF804AE269AD17A00DFBA94 /* SceneDelegate.swift */,
				FAF804B5269AD17B00DFBA94 /* Assets.xcassets */,
				FAF804B7269AD17B00DFBA94 /* LaunchScreen.storyboard */,
				FAF804BA269AD17B00DFBA94 /* Info.plist */,
				FAC28BD926AC148D00219E45 /* privacyandterms.rtf */,
			);
			path = Support;
			sourceTree = "<group>";
		};
		FAF804C1269AD56A00DFBA94 /* Scenes */ = {
			isa = PBXGroup;
			children = (
				FA7508C326A5D4B0008FA4DD /* Settings */,
				FAC28BFA26AE9C8400219E45 /* LocationSearch */,
				FAF804C2269AD58000DFBA94 /* LocationList */,
				FAC28BDB26AC6B3100219E45 /* LocationForecast */,
			);
			path = Scenes;
			sourceTree = "<group>";
		};
		FAF804C2269AD58000DFBA94 /* LocationList */ = {
			isa = PBXGroup;
			children = (
				FAF804C3269AD59C00DFBA94 /* LocationListCreator.swift */,
				FAF804C5269AD7A700DFBA94 /* LocationListViewModel.swift */,
				FAF804CA269ADC1F00DFBA94 /* LocationListController.swift */,
				FAF804CC269AE6C900DFBA94 /* LocationListCellManager.swift */,
				FAF804CF269AE89700DFBA94 /* LocationListTableViewCell.swift */,
				FAF804D1269AE95100DFBA94 /* LocationWeatherDisplayable.swift */,
			);
			path = LocationList;
			sourceTree = "<group>";
		};
		FAF804C7269ADB8800DFBA94 /* Helpers */ = {
			isa = PBXGroup;
			children = (
				FAF804C8269ADBBA00DFBA94 /* BaseViewController.swift */,
				FAF804EF269B30FD00DFBA94 /* SerializeHelper.swift */,
				FAF804F1269B321500DFBA94 /* Empty.swift */,
				FAC28BEA26AD496600219E45 /* DateFormatterHelper.swift */,
			);
			path = Helpers;
			sourceTree = "<group>";
		};
		FAF804D3269AEA8400DFBA94 /* Models */ = {
			isa = PBXGroup;
			children = (
				FAF804E1269B0FD300DFBA94 /* APIResponses */,
				FA5967A8269CA873005A7BCC /* Location.swift */,
				FAF804D4269AEA9200DFBA94 /* LocationWeather.swift */,
				FAC28BF026AD4B1400219E45 /* LocationForecast.swift */,
				FAC28BEC26AD4A0900219E45 /* LocationDailyForecast.swift */,
				FAC28BEE26AD4A7C00219E45 /* LocationHourlyForecast.swift */,
				FAF804E4269B126800DFBA94 /* WeatherSymbol.swift */,
				FA5967AA269EC527005A7BCC /* Coordinates.swift */,
				FAC28BCE26A9AC6800219E45 /* SettingsSection.swift */,
			);
			path = Models;
			sourceTree = "<group>";
		};
		FAF804D6269AEC4100DFBA94 /* Network */ = {
			isa = PBXGroup;
			children = (
				FAF804D7269AEC5900DFBA94 /* APIClient.swift */,
				FAF804D9269AECE400DFBA94 /* APIURL.swift */,
				FAF804DB269AED7900DFBA94 /* BaseNetwork.swift */,
				FAF804DD269AEDE700DFBA94 /* Request.swift */,
				FAF804DF269B0B8100DFBA94 /* WeatherNetwork.swift */,
				FA5967AC269F0018005A7BCC /* WeatherNetworkFake.swift */,
			);
			path = Network;
			sourceTree = "<group>";
		};
		FAF804E1269B0FD300DFBA94 /* APIResponses */ = {
			isa = PBXGroup;
			children = (
				FAF804E2269B102D00DFBA94 /* OpenWeatherMapAPIResponse.swift */,
			);
			path = APIResponses;
			sourceTree = "<group>";
		};
		FAF804E6269B13C600DFBA94 /* Extensions */ = {
			isa = PBXGroup;
			children = (
				FAF804E7269B13EC00DFBA94 /* Double+StringConverters.swift */,
				FAF804E9269B14EE00DFBA94 /* Error+UserFriendlyMessage.swift */,
				FAF804EB269B1D4700DFBA94 /* UITableView+Register+Dequeue.swift */,
				FAF804ED269B281900DFBA94 /* NSObject+ClassName.swift */,
				FA70CE83269C331D00C21EA2 /* UIView+Activate+LayoutAnchor.swift */,
			);
			path = Extensions;
			sourceTree = "<group>";
		};
/* End PBXGroup section */

/* Begin PBXNativeTarget section */
		FAF804A8269AD17A00DFBA94 /* ForecastLine */ = {
			isa = PBXNativeTarget;
			buildConfigurationList = FAF804BD269AD17B00DFBA94 /* Build configuration list for PBXNativeTarget "ForecastLine" */;
			buildPhases = (
				FAF804A5269AD17A00DFBA94 /* Sources */,
				FAF804A6269AD17A00DFBA94 /* Frameworks */,
				FAF804A7269AD17A00DFBA94 /* Resources */,
			);
			buildRules = (
			);
			dependencies = (
			);
			name = ForecastLine;
			productName = ForecastLine;
			productReference = FAF804A9269AD17A00DFBA94 /* ForecastLine.app */;
			productType = "com.apple.product-type.application";
		};
/* End PBXNativeTarget section */

/* Begin PBXProject section */
		FAF804A1269AD17A00DFBA94 /* Project object */ = {
			isa = PBXProject;
			attributes = {
				LastSwiftUpdateCheck = 1250;
				LastUpgradeCheck = 1250;
				TargetAttributes = {
					FAF804A8269AD17A00DFBA94 = {
						CreatedOnToolsVersion = 12.5.1;
					};
				};
			};
			buildConfigurationList = FAF804A4269AD17A00DFBA94 /* Build configuration list for PBXProject "ForecastLine" */;
			compatibilityVersion = "Xcode 9.3";
			developmentRegion = en;
			hasScannedForEncodings = 0;
			knownRegions = (
				en,
				Base,
			);
			mainGroup = FAF804A0269AD17A00DFBA94;
			productRefGroup = FAF804AA269AD17A00DFBA94 /* Products */;
			projectDirPath = "";
			projectRoot = "";
			targets = (
				FAF804A8269AD17A00DFBA94 /* ForecastLine */,
			);
		};
/* End PBXProject section */

/* Begin PBXResourcesBuildPhase section */
		FAF804A7269AD17A00DFBA94 /* Resources */ = {
			isa = PBXResourcesBuildPhase;
			buildActionMask = 2147483647;
			files = (
				FAC28BDA26AC148D00219E45 /* privacyandterms.rtf in Resources */,
				FAF804B9269AD17B00DFBA94 /* LaunchScreen.storyboard in Resources */,
				FAF804B6269AD17B00DFBA94 /* Assets.xcassets in Resources */,
			);
			runOnlyForDeploymentPostprocessing = 0;
		};
/* End PBXResourcesBuildPhase section */

/* Begin PBXSourcesBuildPhase section */
		FAF804A5269AD17A00DFBA94 /* Sources */ = {
			isa = PBXSourcesBuildPhase;
			buildActionMask = 2147483647;
			files = (
				FAC28BED26AD4A0900219E45 /* LocationDailyForecast.swift in Sources */,
				FAF804EA269B14EE00DFBA94 /* Error+UserFriendlyMessage.swift in Sources */,
				FA70CE84269C331D00C21EA2 /* UIView+Activate+LayoutAnchor.swift in Sources */,
				FAC28BE926AD48BD00219E45 /* LocationDailyForecastListDisplayable.swift in Sources */,
				FAF804D2269AE95100DFBA94 /* LocationWeatherDisplayable.swift in Sources */,
				FAF804F0269B30FD00DFBA94 /* SerializeHelper.swift in Sources */,
				FAF804CD269AE6C900DFBA94 /* LocationListCellManager.swift in Sources */,
				FAF804DA269AECE400DFBA94 /* APIURL.swift in Sources */,
				FAC28BDD26AC6B6900219E45 /* LocationForecastCreator.swift in Sources */,
				FAC28C0026AE9D7C00219E45 /* LocationSearchViewModel.swift in Sources */,
				FAC28BF526AD5A5400219E45 /* LocationForecastDisplayable.swift in Sources */,
				FAF804F2269B321500DFBA94 /* Empty.swift in Sources */,
				FAF804D5269AEA9200DFBA94 /* LocationWeather.swift in Sources */,
				FAC28BCF26A9AC6800219E45 /* SettingsSection.swift in Sources */,
				FA41648226A5E33600D333C7 /* SettingsController.swift in Sources */,
				FA5D88FF26A93DEE00823F38 /* SettingsCellManager.swift in Sources */,
				FAF804C9269ADBBA00DFBA94 /* BaseViewController.swift in Sources */,
				FAC28BF326AD4B5800219E45 /* LocationHourlyForecastListDisplayable.swift in Sources */,
				FAC28BE626AD476E00219E45 /* LocationForecastTableViewCell.swift in Sources */,
				FAC28BEF26AD4A7C00219E45 /* LocationHourlyForecast.swift in Sources */,
				FAC28BE126AC762500219E45 /* LocationForecastCellManager.swift in Sources */,
				FAF804E5269B126800DFBA94 /* WeatherSymbol.swift in Sources */,
				FAC28BD126AB00EE00219E45 /* SettingsTableViewCell.swift in Sources */,
				FAF804C4269AD59C00DFBA94 /* LocationListCreator.swift in Sources */,
				FAF804DE269AEDE700DFBA94 /* Request.swift in Sources */,
				FAC28BD426AC119B00219E45 /* PrivacyCreator.swift in Sources */,
				FAC28BFC26AE9CAD00219E45 /* LocationSearchCreator.swift in Sources */,
				FA5967A9269CA873005A7BCC /* Location.swift in Sources */,
				FAC28BF926AD781800219E45 /* LocationForecastsDisplayable.swift in Sources */,
				FAF804AD269AD17A00DFBA94 /* AppDelegate.swift in Sources */,
				FAF804E0269B0B8100DFBA94 /* WeatherNetwork.swift in Sources */,
				FAF804AF269AD17A00DFBA94 /* SceneDelegate.swift in Sources */,
				FAF804C6269AD7A700DFBA94 /* LocationListViewModel.swift in Sources */,
				FA41648026A5E2EE00D333C7 /* SettingsViewModel.swift in Sources */,
				FAF804E3269B102D00DFBA94 /* OpenWeatherMapAPIResponse.swift in Sources */,
				FAC28BF726AD618E00219E45 /* LocationForecastViewModel.swift in Sources */,
				FAF804CB269ADC1F00DFBA94 /* LocationListController.swift in Sources */,
				FAF804EC269B1D4700DFBA94 /* UITableView+Register+Dequeue.swift in Sources */,
				FAF804EE269B281900DFBA94 /* NSObject+ClassName.swift in Sources */,
				FAF804D0269AE89700DFBA94 /* LocationListTableViewCell.swift in Sources */,
				FAC28C0226AE9DA000219E45 /* LocationSearchCellManager.swift in Sources */,
				FAC28BF126AD4B1400219E45 /* LocationForecast.swift in Sources */,
				FAC28BFE26AE9CC700219E45 /* LocationSearchController.swift in Sources */,
				FAC28BEB26AD496600219E45 /* DateFormatterHelper.swift in Sources */,
				FAED1BF726B927BA00073C9A /* LocationSearchResultsController.swift in Sources */,
				FA5967AB269EC527005A7BCC /* Coordinates.swift in Sources */,
				FA5967AD269F0019005A7BCC /* WeatherNetworkFake.swift in Sources */,
				FAC28BD626AC11F200219E45 /* PrivacyController.swift in Sources */,
				FA41647E26A5DE6200D333C7 /* SettingsCreator.swift in Sources */,
				FAF804DC269AED7900DFBA94 /* BaseNetwork.swift in Sources */,
				FAF804D8269AEC5900DFBA94 /* APIClient.swift in Sources */,
				FAC28BD826AC124F00219E45 /* PrivacyViewModel.swift in Sources */,
				FAC28BE426AD425E00219E45 /* LocationForecastCellManagerItems.swift in Sources */,
				FA70CE87269C3A6900C21EA2 /* SavedLocationRepository.swift in Sources */,
				FAC28BDF26AC6BC800219E45 /* LocationForecastController.swift in Sources */,
				FAF804E8269B13EC00DFBA94 /* Double+StringConverters.swift in Sources */,
			);
			runOnlyForDeploymentPostprocessing = 0;
		};
/* End PBXSourcesBuildPhase section */

/* Begin PBXVariantGroup section */
		FAF804B7269AD17B00DFBA94 /* LaunchScreen.storyboard */ = {
			isa = PBXVariantGroup;
			children = (
				FAF804B8269AD17B00DFBA94 /* Base */,
			);
			name = LaunchScreen.storyboard;
			sourceTree = "<group>";
		};
/* End PBXVariantGroup section */

/* Begin XCBuildConfiguration section */
		FAF804BB269AD17B00DFBA94 /* Debug */ = {
			isa = XCBuildConfiguration;
			buildSettings = {
				ALWAYS_SEARCH_USER_PATHS = NO;
				CLANG_ANALYZER_NONNULL = YES;
				CLANG_ANALYZER_NUMBER_OBJECT_CONVERSION = YES_AGGRESSIVE;
				CLANG_CXX_LANGUAGE_STANDARD = "gnu++14";
				CLANG_CXX_LIBRARY = "libc++";
				CLANG_ENABLE_MODULES = YES;
				CLANG_ENABLE_OBJC_ARC = YES;
				CLANG_ENABLE_OBJC_WEAK = YES;
				CLANG_WARN_BLOCK_CAPTURE_AUTORELEASING = YES;
				CLANG_WARN_BOOL_CONVERSION = YES;
				CLANG_WARN_COMMA = YES;
				CLANG_WARN_CONSTANT_CONVERSION = YES;
				CLANG_WARN_DEPRECATED_OBJC_IMPLEMENTATIONS = YES;
				CLANG_WARN_DIRECT_OBJC_ISA_USAGE = YES_ERROR;
				CLANG_WARN_DOCUMENTATION_COMMENTS = YES;
				CLANG_WARN_EMPTY_BODY = YES;
				CLANG_WARN_ENUM_CONVERSION = YES;
				CLANG_WARN_INFINITE_RECURSION = YES;
				CLANG_WARN_INT_CONVERSION = YES;
				CLANG_WARN_NON_LITERAL_NULL_CONVERSION = YES;
				CLANG_WARN_OBJC_IMPLICIT_RETAIN_SELF = YES;
				CLANG_WARN_OBJC_LITERAL_CONVERSION = YES;
				CLANG_WARN_OBJC_ROOT_CLASS = YES_ERROR;
				CLANG_WARN_QUOTED_INCLUDE_IN_FRAMEWORK_HEADER = YES;
				CLANG_WARN_RANGE_LOOP_ANALYSIS = YES;
				CLANG_WARN_STRICT_PROTOTYPES = YES;
				CLANG_WARN_SUSPICIOUS_MOVE = YES;
				CLANG_WARN_UNGUARDED_AVAILABILITY = YES_AGGRESSIVE;
				CLANG_WARN_UNREACHABLE_CODE = YES;
				CLANG_WARN__DUPLICATE_METHOD_MATCH = YES;
				COPY_PHASE_STRIP = NO;
				DEBUG_INFORMATION_FORMAT = dwarf;
				ENABLE_STRICT_OBJC_MSGSEND = YES;
				ENABLE_TESTABILITY = YES;
				GCC_C_LANGUAGE_STANDARD = gnu11;
				GCC_DYNAMIC_NO_PIC = NO;
				GCC_NO_COMMON_BLOCKS = YES;
				GCC_OPTIMIZATION_LEVEL = 0;
				GCC_PREPROCESSOR_DEFINITIONS = (
					"DEBUG=1",
					"$(inherited)",
				);
				GCC_WARN_64_TO_32_BIT_CONVERSION = YES;
				GCC_WARN_ABOUT_RETURN_TYPE = YES_ERROR;
				GCC_WARN_UNDECLARED_SELECTOR = YES;
				GCC_WARN_UNINITIALIZED_AUTOS = YES_AGGRESSIVE;
				GCC_WARN_UNUSED_FUNCTION = YES;
				GCC_WARN_UNUSED_VARIABLE = YES;
				IPHONEOS_DEPLOYMENT_TARGET = 14.5;
				MTL_ENABLE_DEBUG_INFO = INCLUDE_SOURCE;
				MTL_FAST_MATH = YES;
				ONLY_ACTIVE_ARCH = YES;
				SDKROOT = iphoneos;
				SWIFT_ACTIVE_COMPILATION_CONDITIONS = DEBUG;
				SWIFT_OPTIMIZATION_LEVEL = "-Onone";
			};
			name = Debug;
		};
		FAF804BC269AD17B00DFBA94 /* Release */ = {
			isa = XCBuildConfiguration;
			buildSettings = {
				ALWAYS_SEARCH_USER_PATHS = NO;
				CLANG_ANALYZER_NONNULL = YES;
				CLANG_ANALYZER_NUMBER_OBJECT_CONVERSION = YES_AGGRESSIVE;
				CLANG_CXX_LANGUAGE_STANDARD = "gnu++14";
				CLANG_CXX_LIBRARY = "libc++";
				CLANG_ENABLE_MODULES = YES;
				CLANG_ENABLE_OBJC_ARC = YES;
				CLANG_ENABLE_OBJC_WEAK = YES;
				CLANG_WARN_BLOCK_CAPTURE_AUTORELEASING = YES;
				CLANG_WARN_BOOL_CONVERSION = YES;
				CLANG_WARN_COMMA = YES;
				CLANG_WARN_CONSTANT_CONVERSION = YES;
				CLANG_WARN_DEPRECATED_OBJC_IMPLEMENTATIONS = YES;
				CLANG_WARN_DIRECT_OBJC_ISA_USAGE = YES_ERROR;
				CLANG_WARN_DOCUMENTATION_COMMENTS = YES;
				CLANG_WARN_EMPTY_BODY = YES;
				CLANG_WARN_ENUM_CONVERSION = YES;
				CLANG_WARN_INFINITE_RECURSION = YES;
				CLANG_WARN_INT_CONVERSION = YES;
				CLANG_WARN_NON_LITERAL_NULL_CONVERSION = YES;
				CLANG_WARN_OBJC_IMPLICIT_RETAIN_SELF = YES;
				CLANG_WARN_OBJC_LITERAL_CONVERSION = YES;
				CLANG_WARN_OBJC_ROOT_CLASS = YES_ERROR;
				CLANG_WARN_QUOTED_INCLUDE_IN_FRAMEWORK_HEADER = YES;
				CLANG_WARN_RANGE_LOOP_ANALYSIS = YES;
				CLANG_WARN_STRICT_PROTOTYPES = YES;
				CLANG_WARN_SUSPICIOUS_MOVE = YES;
				CLANG_WARN_UNGUARDED_AVAILABILITY = YES_AGGRESSIVE;
				CLANG_WARN_UNREACHABLE_CODE = YES;
				CLANG_WARN__DUPLICATE_METHOD_MATCH = YES;
				COPY_PHASE_STRIP = NO;
				DEBUG_INFORMATION_FORMAT = "dwarf-with-dsym";
				ENABLE_NS_ASSERTIONS = NO;
				ENABLE_STRICT_OBJC_MSGSEND = YES;
				GCC_C_LANGUAGE_STANDARD = gnu11;
				GCC_NO_COMMON_BLOCKS = YES;
				GCC_WARN_64_TO_32_BIT_CONVERSION = YES;
				GCC_WARN_ABOUT_RETURN_TYPE = YES_ERROR;
				GCC_WARN_UNDECLARED_SELECTOR = YES;
				GCC_WARN_UNINITIALIZED_AUTOS = YES_AGGRESSIVE;
				GCC_WARN_UNUSED_FUNCTION = YES;
				GCC_WARN_UNUSED_VARIABLE = YES;
				IPHONEOS_DEPLOYMENT_TARGET = 14.5;
				MTL_ENABLE_DEBUG_INFO = NO;
				MTL_FAST_MATH = YES;
				SDKROOT = iphoneos;
				SWIFT_COMPILATION_MODE = wholemodule;
				SWIFT_OPTIMIZATION_LEVEL = "-O";
				VALIDATE_PRODUCT = YES;
			};
			name = Release;
		};
		FAF804BE269AD17B00DFBA94 /* Debug */ = {
			isa = XCBuildConfiguration;
			buildSettings = {
				ASSETCATALOG_COMPILER_APPICON_NAME = AppIcon;
				ASSETCATALOG_COMPILER_GLOBAL_ACCENT_COLOR_NAME = AccentColor;
				CODE_SIGN_STYLE = Automatic;
				INFOPLIST_FILE = ForecastLine/Support/Info.plist;
				LD_RUNPATH_SEARCH_PATHS = (
					"$(inherited)",
					"@executable_path/Frameworks",
				);
				PRODUCT_BUNDLE_IDENTIFIER = com.solonevich.ForecastLine;
				PRODUCT_NAME = "$(TARGET_NAME)";
				SWIFT_VERSION = 5.0;
				TARGETED_DEVICE_FAMILY = "1,2";
			};
			name = Debug;
		};
		FAF804BF269AD17B00DFBA94 /* Release */ = {
			isa = XCBuildConfiguration;
			buildSettings = {
				ASSETCATALOG_COMPILER_APPICON_NAME = AppIcon;
				ASSETCATALOG_COMPILER_GLOBAL_ACCENT_COLOR_NAME = AccentColor;
				CODE_SIGN_STYLE = Automatic;
				INFOPLIST_FILE = ForecastLine/Support/Info.plist;
				LD_RUNPATH_SEARCH_PATHS = (
					"$(inherited)",
					"@executable_path/Frameworks",
				);
				PRODUCT_BUNDLE_IDENTIFIER = com.solonevich.ForecastLine;
				PRODUCT_NAME = "$(TARGET_NAME)";
				SWIFT_VERSION = 5.0;
				TARGETED_DEVICE_FAMILY = "1,2";
			};
			name = Release;
		};
/* End XCBuildConfiguration section */

/* Begin XCConfigurationList section */
		FAF804A4269AD17A00DFBA94 /* Build configuration list for PBXProject "ForecastLine" */ = {
			isa = XCConfigurationList;
			buildConfigurations = (
				FAF804BB269AD17B00DFBA94 /* Debug */,
				FAF804BC269AD17B00DFBA94 /* Release */,
			);
			defaultConfigurationIsVisible = 0;
			defaultConfigurationName = Release;
		};
		FAF804BD269AD17B00DFBA94 /* Build configuration list for PBXNativeTarget "ForecastLine" */ = {
			isa = XCConfigurationList;
			buildConfigurations = (
				FAF804BE269AD17B00DFBA94 /* Debug */,
				FAF804BF269AD17B00DFBA94 /* Release */,
			);
			defaultConfigurationIsVisible = 0;
			defaultConfigurationName = Release;
		};
/* End XCConfigurationList section */
	};
	rootObject = FAF804A1269AD17A00DFBA94 /* Project object */;
}
